// !$*UTF8*$!
{
	archiveVersion = 1;
	classes = {
	};
	objectVersion = 46;
	objects = {

/* Begin PBXBuildFile section */
		D27D73DB1AA5B42400994E05 /* AppDelegate.swift in Sources */ = {isa = PBXBuildFile; fileRef = D27D73DA1AA5B42400994E05 /* AppDelegate.swift */; };
		D27D73E21AA5B42400994E05 /* Main.storyboard in Resources */ = {isa = PBXBuildFile; fileRef = D27D73E01AA5B42400994E05 /* Main.storyboard */; };
		D27D73E41AA5B42400994E05 /* Images.xcassets in Resources */ = {isa = PBXBuildFile; fileRef = D27D73E31AA5B42400994E05 /* Images.xcassets */; };
		D27D73E71AA5B42400994E05 /* LaunchScreen.xib in Resources */ = {isa = PBXBuildFile; fileRef = D27D73E51AA5B42400994E05 /* LaunchScreen.xib */; };
		D27D73F31AA5B42400994E05 /* SwiftSampleToDoTests.swift in Sources */ = {isa = PBXBuildFile; fileRef = D27D73F21AA5B42400994E05 /* SwiftSampleToDoTests.swift */; };
		D27D74001AA5B67100994E05 /* Task.swift in Sources */ = {isa = PBXBuildFile; fileRef = D27D73FC1AA5B67100994E05 /* Task.swift */; };
		D27D74011AA5B67100994E05 /* TaskManager.swift in Sources */ = {isa = PBXBuildFile; fileRef = D27D73FD1AA5B67100994E05 /* TaskManager.swift */; };
		D27D74021AA5B67100994E05 /* AddTaskViewController.swift in Sources */ = {isa = PBXBuildFile; fileRef = D27D73FE1AA5B67100994E05 /* AddTaskViewController.swift */; };
		D27D74031AA5B67100994E05 /* TaskListViewController.swift in Sources */ = {isa = PBXBuildFile; fileRef = D27D73FF1AA5B67100994E05 /* TaskListViewController.swift */; };
/* End PBXBuildFile section */

/* Begin PBXContainerItemProxy section */
		D27D73ED1AA5B42400994E05 /* PBXContainerItemProxy */ = {
			isa = PBXContainerItemProxy;
			containerPortal = D27D73CD1AA5B42400994E05 /* Project object */;
			proxyType = 1;
			remoteGlobalIDString = D27D73D41AA5B42400994E05;
			remoteInfo = SwiftSampleToDo;
		};
/* End PBXContainerItemProxy section */

/* Begin PBXFileReference section */
		D27D73D51AA5B42400994E05 /* SwiftSampleToDo.app */ = {isa = PBXFileReference; explicitFileType = wrapper.application; includeInIndex = 0; path = SwiftSampleToDo.app; sourceTree = BUILT_PRODUCTS_DIR; };
		D27D73D91AA5B42400994E05 /* Info.plist */ = {isa = PBXFileReference; lastKnownFileType = text.plist.xml; path = Info.plist; sourceTree = "<group>"; };
		D27D73DA1AA5B42400994E05 /* AppDelegate.swift */ = {isa = PBXFileReference; lastKnownFileType = sourcecode.swift; path = AppDelegate.swift; sourceTree = "<group>"; };
		D27D73E11AA5B42400994E05 /* Base */ = {isa = PBXFileReference; lastKnownFileType = file.storyboard; name = Base; path = Base.lproj/Main.storyboard; sourceTree = "<group>"; };
		D27D73E31AA5B42400994E05 /* Images.xcassets */ = {isa = PBXFileReference; lastKnownFileType = folder.assetcatalog; path = Images.xcassets; sourceTree = "<group>"; };
		D27D73E61AA5B42400994E05 /* Base */ = {isa = PBXFileReference; lastKnownFileType = file.xib; name = Base; path = Base.lproj/LaunchScreen.xib; sourceTree = "<group>"; };
		D27D73EC1AA5B42400994E05 /* SwiftSampleToDoTests.xctest */ = {isa = PBXFileReference; explicitFileType = wrapper.cfbundle; includeInIndex = 0; path = SwiftSampleToDoTests.xctest; sourceTree = BUILT_PRODUCTS_DIR; };
		D27D73F11AA5B42400994E05 /* Info.plist */ = {isa = PBXFileReference; lastKnownFileType = text.plist.xml; path = Info.plist; sourceTree = "<group>"; };
		D27D73F21AA5B42400994E05 /* SwiftSampleToDoTests.swift */ = {isa = PBXFileReference; lastKnownFileType = sourcecode.swift; path = SwiftSampleToDoTests.swift; sourceTree = "<group>"; };
		D27D73FC1AA5B67100994E05 /* Task.swift */ = {isa = PBXFileReference; fileEncoding = 4; lastKnownFileType = sourcecode.swift; path = Task.swift; sourceTree = "<group>"; };
		D27D73FD1AA5B67100994E05 /* TaskManager.swift */ = {isa = PBXFileReference; fileEncoding = 4; lastKnownFileType = sourcecode.swift; path = TaskManager.swift; sourceTree = "<group>"; };
		D27D73FE1AA5B67100994E05 /* AddTaskViewController.swift */ = {isa = PBXFileReference; fileEncoding = 4; lastKnownFileType = sourcecode.swift; path = AddTaskViewController.swift; sourceTree = "<group>"; };
		D27D73FF1AA5B67100994E05 /* TaskListViewController.swift */ = {isa = PBXFileReference; fileEncoding = 4; lastKnownFileType = sourcecode.swift; path = TaskListViewController.swift; sourceTree = "<group>"; };
/* End PBXFileReference section */

/* Begin PBXFrameworksBuildPhase section */
		D27D73D21AA5B42400994E05 /* Frameworks */ = {
			isa = PBXFrameworksBuildPhase;
			buildActionMask = 2147483647;
			files = (
			);
			runOnlyForDeploymentPostprocessing = 0;
		};
		D27D73E91AA5B42400994E05 /* Frameworks */ = {
			isa = PBXFrameworksBuildPhase;
			buildActionMask = 2147483647;
			files = (
			);
			runOnlyForDeploymentPostprocessing = 0;
		};
/* End PBXFrameworksBuildPhase section */

/* Begin PBXGroup section */
		D27D73CC1AA5B42400994E05 = {
			isa = PBXGroup;
			children = (
				D27D73D71AA5B42400994E05 /* SwiftSampleToDo */,
				D27D73EF1AA5B42400994E05 /* SwiftSampleToDoTests */,
				D27D73D61AA5B42400994E05 /* Products */,
			);
			sourceTree = "<group>";
		};
		D27D73D61AA5B42400994E05 /* Products */ = {
			isa = PBXGroup;
			children = (
				D27D73D51AA5B42400994E05 /* SwiftSampleToDo.app */,
				D27D73EC1AA5B42400994E05 /* SwiftSampleToDoTests.xctest */,
			);
			name = Products;
			sourceTree = "<group>";
		};
		D27D73D71AA5B42400994E05 /* SwiftSampleToDo */ = {
			isa = PBXGroup;
			children = (
				D27D73DA1AA5B42400994E05 /* AppDelegate.swift */,
				D27D73FC1AA5B67100994E05 /* Task.swift */,
				D27D73FD1AA5B67100994E05 /* TaskManager.swift */,
				D27D73FE1AA5B67100994E05 /* AddTaskViewController.swift */,
				D27D73FF1AA5B67100994E05 /* TaskListViewController.swift */,
				D27D73E01AA5B42400994E05 /* Main.storyboard */,
				D27D73E31AA5B42400994E05 /* Images.xcassets */,
				D27D73E51AA5B42400994E05 /* LaunchScreen.xib */,
				D27D73D81AA5B42400994E05 /* Supporting Files */,
			);
			path = SwiftSampleToDo;
			sourceTree = "<group>";
		};
		D27D73D81AA5B42400994E05 /* Supporting Files */ = {
			isa = PBXGroup;
			children = (
				D27D73D91AA5B42400994E05 /* Info.plist */,
			);
			name = "Supporting Files";
			sourceTree = "<group>";
		};
		D27D73EF1AA5B42400994E05 /* SwiftSampleToDoTests */ = {
			isa = PBXGroup;
			children = (
				D27D73F21AA5B42400994E05 /* SwiftSampleToDoTests.swift */,
				D27D73F01AA5B42400994E05 /* Supporting Files */,
			);
			path = SwiftSampleToDoTests;
			sourceTree = "<group>";
		};
		D27D73F01AA5B42400994E05 /* Supporting Files */ = {
			isa = PBXGroup;
			children = (
				D27D73F11AA5B42400994E05 /* Info.plist */,
			);
			name = "Supporting Files";
			sourceTree = "<group>";
		};
/* End PBXGroup section */

/* Begin PBXNativeTarget section */
		D27D73D41AA5B42400994E05 /* SwiftSampleToDo */ = {
			isa = PBXNativeTarget;
			buildConfigurationList = D27D73F61AA5B42400994E05 /* Build configuration list for PBXNativeTarget "SwiftSampleToDo" */;
			buildPhases = (
				D27D73D11AA5B42400994E05 /* Sources */,
				D27D73D21AA5B42400994E05 /* Frameworks */,
				D27D73D31AA5B42400994E05 /* Resources */,
			);
			buildRules = (
			);
			dependencies = (
			);
			name = SwiftSampleToDo;
			productName = SwiftSampleToDo;
			productReference = D27D73D51AA5B42400994E05 /* SwiftSampleToDo.app */;
			productType = "com.apple.product-type.application";
		};
		D27D73EB1AA5B42400994E05 /* SwiftSampleToDoTests */ = {
			isa = PBXNativeTarget;
			buildConfigurationList = D27D73F91AA5B42400994E05 /* Build configuration list for PBXNativeTarget "SwiftSampleToDoTests" */;
			buildPhases = (
				D27D73E81AA5B42400994E05 /* Sources */,
				D27D73E91AA5B42400994E05 /* Frameworks */,
				D27D73EA1AA5B42400994E05 /* Resources */,
			);
			buildRules = (
			);
			dependencies = (
				D27D73EE1AA5B42400994E05 /* PBXTargetDependency */,
			);
			name = SwiftSampleToDoTests;
			productName = SwiftSampleToDoTests;
			productReference = D27D73EC1AA5B42400994E05 /* SwiftSampleToDoTests.xctest */;
			productType = "com.apple.product-type.bundle.unit-test";
		};
/* End PBXNativeTarget section */

/* Begin PBXProject section */
		D27D73CD1AA5B42400994E05 /* Project object */ = {
			isa = PBXProject;
			attributes = {
				LastUpgradeCheck = 0610;
				ORGANIZATIONNAME = DBG;
				TargetAttributes = {
					D27D73D41AA5B42400994E05 = {
						CreatedOnToolsVersion = 6.1.1;
					};
					D27D73EB1AA5B42400994E05 = {
						CreatedOnToolsVersion = 6.1.1;
						TestTargetID = D27D73D41AA5B42400994E05;
					};
				};
			};
			buildConfigurationList = D27D73D01AA5B42400994E05 /* Build configuration list for PBXProject "SwiftSampleToDo" */;
			compatibilityVersion = "Xcode 3.2";
			developmentRegion = English;
			hasScannedForEncodings = 0;
			knownRegions = (
				en,
				Base,
			);
			mainGroup = D27D73CC1AA5B42400994E05;
			productRefGroup = D27D73D61AA5B42400994E05 /* Products */;
			projectDirPath = "";
			projectRoot = "";
			targets = (
				D27D73D41AA5B42400994E05 /* SwiftSampleToDo */,
				D27D73EB1AA5B42400994E05 /* SwiftSampleToDoTests */,
			);
		};
/* End PBXProject section */

/* Begin PBXResourcesBuildPhase section */
		D27D73D31AA5B42400994E05 /* Resources */ = {
			isa = PBXResourcesBuildPhase;
			buildActionMask = 2147483647;
			files = (
				D27D73E21AA5B42400994E05 /* Main.storyboard in Resources */,
				D27D73E71AA5B42400994E05 /* LaunchScreen.xib in Resources */,
				D27D73E41AA5B42400994E05 /* Images.xcassets in Resources */,
			);
			runOnlyForDeploymentPostprocessing = 0;
		};
		D27D73EA1AA5B42400994E05 /* Resources */ = {
			isa = PBXResourcesBuildPhase;
			buildActionMask = 2147483647;
			files = (
			);
			runOnlyForDeploymentPostprocessing = 0;
		};
/* End PBXResourcesBuildPhase section */

/* Begin PBXSourcesBuildPhase section */
		D27D73D11AA5B42400994E05 /* Sources */ = {
			isa = PBXSourcesBuildPhase;
			buildActionMask = 2147483647;
			files = (
				D27D74011AA5B67100994E05 /* TaskManager.swift in Sources */,
				D27D74021AA5B67100994E05 /* AddTaskViewController.swift in Sources */,
				D27D74001AA5B67100994E05 /* Task.swift in Sources */,
				D27D73DB1AA5B42400994E05 /* AppDelegate.swift in Sources */,
				D27D74031AA5B67100994E05 /* TaskListViewController.swift in Sources */,
			);
			runOnlyForDeploymentPostprocessing = 0;
		};
		D27D73E81AA5B42400994E05 /* Sources */ = {
			isa = PBXSourcesBuildPhase;
			buildActionMask = 2147483647;
			files = (
				D27D73F31AA5B42400994E05 /* SwiftSampleToDoTests.swift in Sources */,
			);
			runOnlyForDeploymentPostprocessing = 0;
		};
/* End PBXSourcesBuildPhase section */

/* Begin PBXTargetDependency section */
		D27D73EE1AA5B42400994E05 /* PBXTargetDependency */ = {
			isa = PBXTargetDependency;
			target = D27D73D41AA5B42400994E05 /* SwiftSampleToDo */;
			targetProxy = D27D73ED1AA5B42400994E05 /* PBXContainerItemProxy */;
		};
/* End PBXTargetDependency section */

/* Begin PBXVariantGroup section */
		D27D73E01AA5B42400994E05 /* Main.storyboard */ = {
			isa = PBXVariantGroup;
			children = (
				D27D73E11AA5B42400994E05 /* Base */,
			);
			name = Main.storyboard;
			sourceTree = "<group>";
		};
		D27D73E51AA5B42400994E05 /* LaunchScreen.xib */ = {
			isa = PBXVariantGroup;
			children = (
				D27D73E61AA5B42400994E05 /* Base */,
			);
			name = LaunchScreen.xib;
			sourceTree = "<group>";
		};
/* End PBXVariantGroup section */

/* Begin XCBuildConfiguration section */
		D27D73F41AA5B42400994E05 /* Debug */ = {
			isa = XCBuildConfiguration;
			buildSettings = {
				ALWAYS_SEARCH_USER_PATHS = NO;
				CLANG_CXX_LANGUAGE_STANDARD = "gnu++0x";
				CLANG_CXX_LIBRARY = "libc++";
				CLANG_ENABLE_MODULES = YES;
				CLANG_ENABLE_OBJC_ARC = YES;
				CLANG_WARN_BOOL_CONVERSION = YES;
				CLANG_WARN_CONSTANT_CONVERSION = YES;
				CLANG_WARN_DIRECT_OBJC_ISA_USAGE = YES_ERROR;
				CLANG_WARN_EMPTY_BODY = YES;
				CLANG_WARN_ENUM_CONVERSION = YES;
				CLANG_WARN_INT_CONVERSION = YES;
				CLANG_WARN_OBJC_ROOT_CLASS = YES_ERROR;
				CLANG_WARN_UNREACHABLE_CODE = YES;
				CLANG_WARN__DUPLICATE_METHOD_MATCH = YES;
				"CODE_SIGN_IDENTITY[sdk=iphoneos*]" = "iPhone Developer";
				COPY_PHASE_STRIP = NO;
				ENABLE_STRICT_OBJC_MSGSEND = YES;
				GCC_C_LANGUAGE_STANDARD = gnu99;
				GCC_DYNAMIC_NO_PIC = NO;
				GCC_OPTIMIZATION_LEVEL = 0;
				GCC_PREPROCESSOR_DEFINITIONS = (
					"DEBUG=1",
					"$(inherited)",
				);
				GCC_SYMBOLS_PRIVATE_EXTERN = NO;
				GCC_WARN_64_TO_32_BIT_CONVERSION = YES;
				GCC_WARN_ABOUT_RETURN_TYPE = YES_ERROR;
				GCC_WARN_UNDECLARED_SELECTOR = YES;
				GCC_WARN_UNINITIALIZED_AUTOS = YES_AGGRESSIVE;
				GCC_WARN_UNUSED_FUNCTION = YES;
				GCC_WARN_UNUSED_VARIABLE = YES;
				IPHONEOS_DEPLOYMENT_TARGET = 8.1;
				MTL_ENABLE_DEBUG_INFO = YES;
				ONLY_ACTIVE_ARCH = YES;
				SDKROOT = iphoneos;
				SWIFT_OPTIMIZATION_LEVEL = "-Onone";
			};
			name = Debug;
		};
		D27D73F51AA5B42400994E05 /* Release */ = {
			isa = XCBuildConfiguration;
			buildSettings = {
				ALWAYS_SEARCH_USER_PATHS = NO;
				CLANG_CXX_LANGUAGE_STANDARD = "gnu++0x";
				CLANG_CXX_LIBRARY = "libc++";
				CLANG_ENABLE_MODULES = YES;
				CLANG_ENABLE_OBJC_ARC = YES;
				CLANG_WARN_BOOL_CONVERSION = YES;
				CLANG_WARN_CONSTANT_CONVERSION = YES;
				CLANG_WARN_DIRECT_OBJC_ISA_USAGE = YES_ERROR;
				CLANG_WARN_EMPTY_BODY = YES;
				CLANG_WARN_ENUM_CONVERSION = YES;
				CLANG_WARN_INT_CONVERSION = YES;
				CLANG_WARN_OBJC_ROOT_CLASS = YES_ERROR;
				CLANG_WARN_UNREACHABLE_CODE = YES;
				CLANG_WARN__DUPLICATE_METHOD_MATCH = YES;
				"CODE_SIGN_IDENTITY[sdk=iphoneos*]" = "iPhone Developer";
				COPY_PHASE_STRIP = YES;
				ENABLE_NS_ASSERTIONS = NO;
				ENABLE_STRICT_OBJC_MSGSEND = YES;
				GCC_C_LANGUAGE_STANDARD = gnu99;
				GCC_WARN_64_TO_32_BIT_CONVERSION = YES;
				GCC_WARN_ABOUT_RETURN_TYPE = YES_ERROR;
				GCC_WARN_UNDECLARED_SELECTOR = YES;
				GCC_WARN_UNINITIALIZED_AUTOS = YES_AGGRESSIVE;
				GCC_WARN_UNUSED_FUNCTION = YES;
				GCC_WARN_UNUSED_VARIABLE = YES;
				IPHONEOS_DEPLOYMENT_TARGET = 8.1;
				MTL_ENABLE_DEBUG_INFO = NO;
				SDKROOT = iphoneos;
				VALIDATE_PRODUCT = YES;
			};
			name = Release;
		};
		D27D73F71AA5B42400994E05 /* Debug */ = {
			isa = XCBuildConfiguration;
			buildSettings = {
				ASSETCATALOG_COMPILER_APPICON_NAME = AppIcon;
				INFOPLIST_FILE = SwiftSampleToDo/Info.plist;
				LD_RUNPATH_SEARCH_PATHS = "$(inherited) @executable_path/Frameworks";
				PRODUCT_NAME = "$(TARGET_NAME)";
			};
			name = Debug;
		};
		D27D73F81AA5B42400994E05 /* Release */ = {
			isa = XCBuildConfiguration;
			buildSettings = {
				ASSETCATALOG_COMPILER_APPICON_NAME = AppIcon;
				INFOPLIST_FILE = SwiftSampleToDo/Info.plist;
				LD_RUNPATH_SEARCH_PATHS = "$(inherited) @executable_path/Frameworks";
				PRODUCT_NAME = "$(TARGET_NAME)";
			};
			name = Release;
		};
		D27D73FA1AA5B42400994E05 /* Debug */ = {
			isa = XCBuildConfiguration;
			buildSettings = {
				BUNDLE_LOADER = "$(TEST_HOST)";
				FRAMEWORK_SEARCH_PATHS = (
					"$(SDKROOT)/Developer/Library/Frameworks",
					"$(inherited)",
				);
				GCC_PREPROCESSOR_DEFINITIONS = (
					"DEBUG=1",
					"$(inherited)",
				);
				INFOPLIST_FILE = SwiftSampleToDoTests/Info.plist;
				LD_RUNPATH_SEARCH_PATHS = "$(inherited) @executable_path/Frameworks @loader_path/Frameworks";
				PRODUCT_NAME = "$(TARGET_NAME)";
				TEST_HOST = "$(BUILT_PRODUCTS_DIR)/SwiftSampleToDo.app/SwiftSampleToDo";
			};
			name = Debug;
		};
		D27D73FB1AA5B42400994E05 /* Release */ = {
			isa = XCBuildConfiguration;
			buildSettings = {
				BUNDLE_LOADER = "$(TEST_HOST)";
				FRAMEWORK_SEARCH_PATHS = (
					"$(SDKROOT)/Developer/Library/Frameworks",
					"$(inherited)",
				);
				INFOPLIST_FILE = SwiftSampleToDoTests/Info.plist;
				LD_RUNPATH_SEARCH_PATHS = "$(inherited) @executable_path/Frameworks @loader_path/Frameworks";
				PRODUCT_NAME = "$(TARGET_NAME)";
				TEST_HOST = "$(BUILT_PRODUCTS_DIR)/SwiftSampleToDo.app/SwiftSampleToDo";
			};
			name = Release;
		};
/* End XCBuildConfiguration section */

/* Begin XCConfigurationList section */
		D27D73D01AA5B42400994E05 /* Build configuration list for PBXProject "SwiftSampleToDo" */ = {
			isa = XCConfigurationList;
			buildConfigurations = (
				D27D73F41AA5B42400994E05 /* Debug */,
				D27D73F51AA5B42400994E05 /* Release */,
			);
			defaultConfigurationIsVisible = 0;
			defaultConfigurationName = Release;
		};
		D27D73F61AA5B42400994E05 /* Build configuration list for PBXNativeTarget "SwiftSampleToDo" */ = {
			isa = XCConfigurationList;
			buildConfigurations = (
				D27D73F71AA5B42400994E05 /* Debug */,
				D27D73F81AA5B42400994E05 /* Release */,
			);
			defaultConfigurationIsVisible = 0;
		};
		D27D73F91AA5B42400994E05 /* Build configuration list for PBXNativeTarget "SwiftSampleToDoTests" */ = {
			isa = XCConfigurationList;
			buildConfigurations = (
				D27D73FA1AA5B42400994E05 /* Debug */,
				D27D73FB1AA5B42400994E05 /* Release */,
			);
			defaultConfigurationIsVisible = 0;
		};
/* End XCConfigurationList section */
	};
	rootObject = D27D73CD1AA5B42400994E05 /* Project object */;
}
